
Microsoft Visual Studio Solution File, Format Version 12.00
# Visual Studio Version 17
VisualStudioVersion = 17.7.34221.43
MinimumVisualStudioVersion = 10.0.40219.1
Project("{FAE04EC0-301F-11D3-BF4B-00C04F79EFBC}") = "Dizide Arana Elemanı Bulma", "Dizide Arana Elemanı Bulma\Dizide Arana Elemanı Bulma.csproj", "{1D5BE7E7-B48D-4367-A61B-3F29656F796D}"
EndProject
Global
	GlobalSection(SolutionConfigurationPlatforms) = preSolution
		Debug|Any CPU = Debug|Any CPU
		Release|Any CPU = Release|Any CPU
	EndGlobalSection
	GlobalSection(ProjectConfigurationPlatforms) = postSolution
		{1D5BE7E7-B48D-4367-A61B-3F29656F796D}.Debug|Any CPU.ActiveCfg = Debug|Any CPU
		{1D5BE7E7-B48D-4367-A61B-3F29656F796D}.Debug|Any CPU.Build.0 = Debug|Any CPU
		{1D5BE7E7-B48D-4367-A61B-3F29656F796D}.Release|Any CPU.ActiveCfg = Release|Any CPU
		{1D5BE7E7-B48D-4367-A61B-3F29656F796D}.Release|Any CPU.Build.0 = Release|Any CPU
	EndGlobalSection
	GlobalSection(SolutionProperties) = preSolution
		HideSolutionNode = FALSE
	EndGlobalSection
	GlobalSection(ExtensibilityGlobals) = postSolution
		SolutionGuid = {1FBA5358-DCE1-43BB-91BD-F0A8DC1F1D3A}
	EndGlobalSection
EndGlobal
