
Microsoft Visual Studio Solution File, Format Version 12.00
# Visual Studio Version 17
VisualStudioVersion = 17.7.34221.43
MinimumVisualStudioVersion = 10.0.40219.1
Project("{FAE04EC0-301F-11D3-BF4B-00C04F79EFBC}") = "Denkelmin Köklerini Bulma", "Denkelmin Köklerini Bulma\Denkelmin Köklerini Bulma.csproj", "{243109D7-663A-40F0-9DCE-F211B9B9A388}"
EndProject
Global
	GlobalSection(SolutionConfigurationPlatforms) = preSolution
		Debug|Any CPU = Debug|Any CPU
		Release|Any CPU = Release|Any CPU
	EndGlobalSection
	GlobalSection(ProjectConfigurationPlatforms) = postSolution
		{243109D7-663A-40F0-9DCE-F211B9B9A388}.Debug|Any CPU.ActiveCfg = Debug|Any CPU
		{243109D7-663A-40F0-9DCE-F211B9B9A388}.Debug|Any CPU.Build.0 = Debug|Any CPU
		{243109D7-663A-40F0-9DCE-F211B9B9A388}.Release|Any CPU.ActiveCfg = Release|Any CPU
		{243109D7-663A-40F0-9DCE-F211B9B9A388}.Release|Any CPU.Build.0 = Release|Any CPU
	EndGlobalSection
	GlobalSection(SolutionProperties) = preSolution
		HideSolutionNode = FALSE
	EndGlobalSection
	GlobalSection(ExtensibilityGlobals) = postSolution
		SolutionGuid = {7443B2FD-0BC4-4D29-9022-B98F6D8524E3}
	EndGlobalSection
EndGlobal
