
Microsoft Visual Studio Solution File, Format Version 12.00
# Visual Studio Version 17
VisualStudioVersion = 17.7.34221.43
MinimumVisualStudioVersion = 10.0.40219.1
Project("{FAE04EC0-301F-11D3-BF4B-00C04F79EFBC}") = "Takım Anketi", "Takım Anketi\Takım Anketi.csproj", "{75A33FA0-6375-459B-A4DC-57E74EB4EFAD}"
EndProject
Global
	GlobalSection(SolutionConfigurationPlatforms) = preSolution
		Debug|Any CPU = Debug|Any CPU
		Release|Any CPU = Release|Any CPU
	EndGlobalSection
	GlobalSection(ProjectConfigurationPlatforms) = postSolution
		{75A33FA0-6375-459B-A4DC-57E74EB4EFAD}.Debug|Any CPU.ActiveCfg = Debug|Any CPU
		{75A33FA0-6375-459B-A4DC-57E74EB4EFAD}.Debug|Any CPU.Build.0 = Debug|Any CPU
		{75A33FA0-6375-459B-A4DC-57E74EB4EFAD}.Release|Any CPU.ActiveCfg = Release|Any CPU
		{75A33FA0-6375-459B-A4DC-57E74EB4EFAD}.Release|Any CPU.Build.0 = Release|Any CPU
	EndGlobalSection
	GlobalSection(SolutionProperties) = preSolution
		HideSolutionNode = FALSE
	EndGlobalSection
	GlobalSection(ExtensibilityGlobals) = postSolution
		SolutionGuid = {F13E57E6-8CC4-48A8-8356-730B870CB5AB}
	EndGlobalSection
EndGlobal
