
Microsoft Visual Studio Solution File, Format Version 12.00
# Visual Studio Version 17
VisualStudioVersion = 17.7.34221.43
MinimumVisualStudioVersion = 10.0.40219.1
Project("{FAE04EC0-301F-11D3-BF4B-00C04F79EFBC}") = "Palindomik Sayılar 2", "Palindomik Sayılar 2\Palindomik Sayılar 2.csproj", "{8D45EE21-239B-4711-BD30-E592095C81EF}"
EndProject
Global
	GlobalSection(SolutionConfigurationPlatforms) = preSolution
		Debug|Any CPU = Debug|Any CPU
		Release|Any CPU = Release|Any CPU
	EndGlobalSection
	GlobalSection(ProjectConfigurationPlatforms) = postSolution
		{8D45EE21-239B-4711-BD30-E592095C81EF}.Debug|Any CPU.ActiveCfg = Debug|Any CPU
		{8D45EE21-239B-4711-BD30-E592095C81EF}.Debug|Any CPU.Build.0 = Debug|Any CPU
		{8D45EE21-239B-4711-BD30-E592095C81EF}.Release|Any CPU.ActiveCfg = Release|Any CPU
		{8D45EE21-239B-4711-BD30-E592095C81EF}.Release|Any CPU.Build.0 = Release|Any CPU
	EndGlobalSection
	GlobalSection(SolutionProperties) = preSolution
		HideSolutionNode = FALSE
	EndGlobalSection
	GlobalSection(ExtensibilityGlobals) = postSolution
		SolutionGuid = {FB80FB65-153D-4D3D-A02D-062A9FE64855}
	EndGlobalSection
EndGlobal
