
Microsoft Visual Studio Solution File, Format Version 12.00
# Visual Studio Version 17
VisualStudioVersion = 17.7.34221.43
MinimumVisualStudioVersion = 10.0.40219.1
Project("{FAE04EC0-301F-11D3-BF4B-00C04F79EFBC}") = "Öğrencilerin Not Hesabı", "Öğrencilerin Not Hesabı\Öğrencilerin Not Hesabı.csproj", "{5064E713-6A39-4AC0-A616-43F560495D77}"
EndProject
Global
	GlobalSection(SolutionConfigurationPlatforms) = preSolution
		Debug|Any CPU = Debug|Any CPU
		Release|Any CPU = Release|Any CPU
	EndGlobalSection
	GlobalSection(ProjectConfigurationPlatforms) = postSolution
		{5064E713-6A39-4AC0-A616-43F560495D77}.Debug|Any CPU.ActiveCfg = Debug|Any CPU
		{5064E713-6A39-4AC0-A616-43F560495D77}.Debug|Any CPU.Build.0 = Debug|Any CPU
		{5064E713-6A39-4AC0-A616-43F560495D77}.Release|Any CPU.ActiveCfg = Release|Any CPU
		{5064E713-6A39-4AC0-A616-43F560495D77}.Release|Any CPU.Build.0 = Release|Any CPU
	EndGlobalSection
	GlobalSection(SolutionProperties) = preSolution
		HideSolutionNode = FALSE
	EndGlobalSection
	GlobalSection(ExtensibilityGlobals) = postSolution
		SolutionGuid = {95DE9A51-07F9-446C-A513-9BA71AD183DE}
	EndGlobalSection
EndGlobal
