
Microsoft Visual Studio Solution File, Format Version 12.00
# Visual Studio Version 17
VisualStudioVersion = 17.7.34221.43
MinimumVisualStudioVersion = 10.0.40219.1
Project("{FAE04EC0-301F-11D3-BF4B-00C04F79EFBC}") = "Eğimli Virajı Dönerken maxHız", "Eğimli Virajı Dönerken maxHız\Eğimli Virajı Dönerken maxHız.csproj", "{4710C74E-8516-4B8D-9189-420B916A99A2}"
EndProject
Global
	GlobalSection(SolutionConfigurationPlatforms) = preSolution
		Debug|Any CPU = Debug|Any CPU
		Release|Any CPU = Release|Any CPU
	EndGlobalSection
	GlobalSection(ProjectConfigurationPlatforms) = postSolution
		{4710C74E-8516-4B8D-9189-420B916A99A2}.Debug|Any CPU.ActiveCfg = Debug|Any CPU
		{4710C74E-8516-4B8D-9189-420B916A99A2}.Debug|Any CPU.Build.0 = Debug|Any CPU
		{4710C74E-8516-4B8D-9189-420B916A99A2}.Release|Any CPU.ActiveCfg = Release|Any CPU
		{4710C74E-8516-4B8D-9189-420B916A99A2}.Release|Any CPU.Build.0 = Release|Any CPU
	EndGlobalSection
	GlobalSection(SolutionProperties) = preSolution
		HideSolutionNode = FALSE
	EndGlobalSection
	GlobalSection(ExtensibilityGlobals) = postSolution
		SolutionGuid = {2F159CEE-24F6-4912-9FEF-A5FB90026AF8}
	EndGlobalSection
EndGlobal
