
Microsoft Visual Studio Solution File, Format Version 12.00
# Visual Studio Version 17
VisualStudioVersion = 17.7.34221.43
MinimumVisualStudioVersion = 10.0.40219.1
Project("{FAE04EC0-301F-11D3-BF4B-00C04F79EFBC}") = "Çiftçi Sorusu (ödev)", "Çiftçi Sorusu (ödev)\Çiftçi Sorusu (ödev).csproj", "{77DEBD6B-294B-47D8-BE56-2F2948B1B1DC}"
EndProject
Global
	GlobalSection(SolutionConfigurationPlatforms) = preSolution
		Debug|Any CPU = Debug|Any CPU
		Release|Any CPU = Release|Any CPU
	EndGlobalSection
	GlobalSection(ProjectConfigurationPlatforms) = postSolution
		{77DEBD6B-294B-47D8-BE56-2F2948B1B1DC}.Debug|Any CPU.ActiveCfg = Debug|Any CPU
		{77DEBD6B-294B-47D8-BE56-2F2948B1B1DC}.Debug|Any CPU.Build.0 = Debug|Any CPU
		{77DEBD6B-294B-47D8-BE56-2F2948B1B1DC}.Release|Any CPU.ActiveCfg = Release|Any CPU
		{77DEBD6B-294B-47D8-BE56-2F2948B1B1DC}.Release|Any CPU.Build.0 = Release|Any CPU
	EndGlobalSection
	GlobalSection(SolutionProperties) = preSolution
		HideSolutionNode = FALSE
	EndGlobalSection
	GlobalSection(ExtensibilityGlobals) = postSolution
		SolutionGuid = {B4C2E53E-38AD-44EA-B042-74BCA87CDE2D}
	EndGlobalSection
EndGlobal
